<Solution>
  <Folder Name="/src/">
    <Project Path="src/AppointmentService.Api/AppointmentService.Api.csproj" />
    <Project Path="src/AppointmentService.Application/AppointmentService.Application.csproj" />
    <Project Path="src/AppointmentService.Domain/AppointmentService.Domain.csproj" />
    <Project Path="src/AppointmentService.Infrastructure/AppointmentService.Infrastructure.csproj" />
  </Folder>
</Solution>
